
Microsoft Visual Studio Solution File, Format Version 12.00
# Visual Studio 14
VisualStudioVersion = 14.0.25420.1
MinimumVisualStudioVersion = 10.0.40219.1
Project("{FAE04EC0-301F-11D3-BF4B-00C04F79EFBC}") = "Kampus.Entities", "Kampus.Entities\Kampus.Entities.csproj", "{4B369B79-6853-4926-9093-0F64E4283FFC}"
EndProject
Project("{FAE04EC0-301F-11D3-BF4B-00C04F79EFBC}") = "Kampus", "Kampus\Kampus.csproj", "{7513BF1B-36FE-4796-AA1A-4C4CFE8FDF44}"
EndProject
Project("{FAE04EC0-301F-11D3-BF4B-00C04F79EFBC}") = "Kampus.DAL", "Kampus.DAL\Kampus.DAL.csproj", "{7294D489-33C2-4F5F-BCB6-AFD5AE352058}"
EndProject
Project("{FAE04EC0-301F-11D3-BF4B-00C04F79EFBC}") = "Kampus.Models", "Kampus.Models\Kampus.Models.csproj", "{0E7C4BF1-1FC2-4C2F-88C6-54764F3BBDFD}"
EndProject
Global
	GlobalSection(SolutionConfigurationPlatforms) = preSolution
		Debug|Any CPU = Debug|Any CPU
		Release|Any CPU = Release|Any CPU
	EndGlobalSection
	GlobalSection(ProjectConfigurationPlatforms) = postSolution
		{4B369B79-6853-4926-9093-0F64E4283FFC}.Debug|Any CPU.ActiveCfg = Debug|Any CPU
		{4B369B79-6853-4926-9093-0F64E4283FFC}.Debug|Any CPU.Build.0 = Debug|Any CPU
		{4B369B79-6853-4926-9093-0F64E4283FFC}.Release|Any CPU.ActiveCfg = Release|Any CPU
		{4B369B79-6853-4926-9093-0F64E4283FFC}.Release|Any CPU.Build.0 = Release|Any CPU
		{7513BF1B-36FE-4796-AA1A-4C4CFE8FDF44}.Debug|Any CPU.ActiveCfg = Debug|Any CPU
		{7513BF1B-36FE-4796-AA1A-4C4CFE8FDF44}.Debug|Any CPU.Build.0 = Debug|Any CPU
		{7513BF1B-36FE-4796-AA1A-4C4CFE8FDF44}.Release|Any CPU.ActiveCfg = Release|Any CPU
		{7513BF1B-36FE-4796-AA1A-4C4CFE8FDF44}.Release|Any CPU.Build.0 = Release|Any CPU
		{7294D489-33C2-4F5F-BCB6-AFD5AE352058}.Debug|Any CPU.ActiveCfg = Debug|Any CPU
		{7294D489-33C2-4F5F-BCB6-AFD5AE352058}.Debug|Any CPU.Build.0 = Debug|Any CPU
		{7294D489-33C2-4F5F-BCB6-AFD5AE352058}.Release|Any CPU.ActiveCfg = Release|Any CPU
		{7294D489-33C2-4F5F-BCB6-AFD5AE352058}.Release|Any CPU.Build.0 = Release|Any CPU
		{0E7C4BF1-1FC2-4C2F-88C6-54764F3BBDFD}.Debug|Any CPU.ActiveCfg = Debug|Any CPU
		{0E7C4BF1-1FC2-4C2F-88C6-54764F3BBDFD}.Debug|Any CPU.Build.0 = Debug|Any CPU
		{0E7C4BF1-1FC2-4C2F-88C6-54764F3BBDFD}.Release|Any CPU.ActiveCfg = Release|Any CPU
		{0E7C4BF1-1FC2-4C2F-88C6-54764F3BBDFD}.Release|Any CPU.Build.0 = Release|Any CPU
	EndGlobalSection
	GlobalSection(SolutionProperties) = preSolution
		HideSolutionNode = FALSE
	EndGlobalSection
EndGlobal
